// !$*UTF8*$!
{
	archiveVersion = 1;
	classes = {
	};
	objectVersion = 53;
	objects = {

/* Begin PBXBuildFile section */
		0238E7CFE5E920C769901547 /* Pods_HealthUITests.framework in Frameworks */ = {isa = PBXBuildFile; fileRef = 4A81C0E3BBDF336B324C6CA7 /* Pods_HealthUITests.framework */; };
		3B279804517B9EF8813A2AC0 /* Pods_Health.framework in Frameworks */ = {isa = PBXBuildFile; fileRef = 46A1E6933B2D8524039C3282 /* Pods_Health.framework */; };
		846B531F20EACB12002CF471 /* AppDelegate.swift in Sources */ = {isa = PBXBuildFile; fileRef = 846B531E20EACB12002CF471 /* AppDelegate.swift */; };
		846B532120EACB12002CF471 /* SurveyViewController.swift in Sources */ = {isa = PBXBuildFile; fileRef = 846B532020EACB12002CF471 /* SurveyViewController.swift */; };
		846B532420EACB12002CF471 /* Main.storyboard in Resources */ = {isa = PBXBuildFile; fileRef = 846B532220EACB12002CF471 /* Main.storyboard */; };
		846B532620EACB16002CF471 /* Assets.xcassets in Resources */ = {isa = PBXBuildFile; fileRef = 846B532520EACB16002CF471 /* Assets.xcassets */; };
		846B532920EACB16002CF471 /* LaunchScreen.storyboard in Resources */ = {isa = PBXBuildFile; fileRef = 846B532720EACB16002CF471 /* LaunchScreen.storyboard */; };
		846B533420EACB16002CF471 /* HealthTests.swift in Sources */ = {isa = PBXBuildFile; fileRef = 846B533320EACB16002CF471 /* HealthTests.swift */; };
		846B533F20EACB16002CF471 /* HealthUITests.swift in Sources */ = {isa = PBXBuildFile; fileRef = 846B533E20EACB16002CF471 /* HealthUITests.swift */; };
		84C19F7721078A6F00C1C932 /* SplashViewController.swift in Sources */ = {isa = PBXBuildFile; fileRef = 84C19F7621078A6F00C1C932 /* SplashViewController.swift */; };
		84C19F7E2107BD6800C1C932 /* PageViewController.swift in Sources */ = {isa = PBXBuildFile; fileRef = 84C19F7D2107BD6800C1C932 /* PageViewController.swift */; };
		CBDC93B2245A52A600BA8F02 /* ResearchKit.framework in Frameworks */ = {isa = PBXBuildFile; fileRef = CBDC93AB245A523700BA8F02 /* ResearchKit.framework */; };
		CBDC93B3245A52A600BA8F02 /* ResearchKit.framework in Embed Frameworks */ = {isa = PBXBuildFile; fileRef = CBDC93AB245A523700BA8F02 /* ResearchKit.framework */; settings = {ATTRIBUTES = (CodeSignOnCopy, RemoveHeadersOnCopy, ); }; };
		CBDC93BE245A55B400BA8F02 /* HealthDataStep.swift in Sources */ = {isa = PBXBuildFile; fileRef = CBDC93B7245A55B400BA8F02 /* HealthDataStep.swift */; };
		CBDC93BF245A55B400BA8F02 /* OnboardingViewController.swift in Sources */ = {isa = PBXBuildFile; fileRef = CBDC93BB245A55B400BA8F02 /* OnboardingViewController.swift */; };
		CBDC93C0245A55B400BA8F02 /* HealthDataStepViewController.swift in Sources */ = {isa = PBXBuildFile; fileRef = CBDC93BC245A55B400BA8F02 /* HealthDataStepViewController.swift */; };
		CBDC93C1245A55B400BA8F02 /* ConsentDocument copy.swift in Sources */ = {isa = PBXBuildFile; fileRef = CBDC93BD245A55B400BA8F02 /* ConsentDocument copy.swift */; };
		DD30CE8A2147453E00249231 /* PermissionViewController.swift in Sources */ = {isa = PBXBuildFile; fileRef = DD30CE892147453E00249231 /* PermissionViewController.swift */; };
		DD97F758214ADFA1005D28FC /* ExitViewController.swift in Sources */ = {isa = PBXBuildFile; fileRef = DD97F757214ADFA1005D28FC /* ExitViewController.swift */; };
		F93348ADB98AF13F3E6CB019 /* Pods_HealthTests.framework in Frameworks */ = {isa = PBXBuildFile; fileRef = 897EFA36D6834949B1D6139B /* Pods_HealthTests.framework */; };
/* End PBXBuildFile section */

/* Begin PBXContainerItemProxy section */
		846B533020EACB16002CF471 /* PBXContainerItemProxy */ = {
			isa = PBXContainerItemProxy;
			containerPortal = 846B531320EACB12002CF471 /* Project object */;
			proxyType = 1;
			remoteGlobalIDString = 846B531A20EACB12002CF471;
			remoteInfo = Health;
		};
		846B533B20EACB16002CF471 /* PBXContainerItemProxy */ = {
			isa = PBXContainerItemProxy;
			containerPortal = 846B531320EACB12002CF471 /* Project object */;
			proxyType = 1;
			remoteGlobalIDString = 846B531A20EACB12002CF471;
			remoteInfo = Health;
		};
		CBDC93AA245A523700BA8F02 /* PBXContainerItemProxy */ = {
			isa = PBXContainerItemProxy;
			containerPortal = CBDC93A4245A523700BA8F02 /* ResearchKit.xcodeproj */;
			proxyType = 2;
			remoteGlobalIDString = B183A5951A8535D100C76870;
			remoteInfo = ResearchKit;
		};
		CBDC93AC245A523700BA8F02 /* PBXContainerItemProxy */ = {
			isa = PBXContainerItemProxy;
			containerPortal = CBDC93A4245A523700BA8F02 /* ResearchKit.xcodeproj */;
			proxyType = 2;
			remoteGlobalIDString = 86CC8E9A1AC09332001CCD89;
			remoteInfo = ResearchKitTests;
		};
/* End PBXContainerItemProxy section */

/* Begin PBXCopyFilesBuildPhase section */
		CBDC93B4245A52A600BA8F02 /* Embed Frameworks */ = {
			isa = PBXCopyFilesBuildPhase;
			buildActionMask = 2147483647;
			dstPath = "";
			dstSubfolderSpec = 10;
			files = (
				CBDC93B3245A52A600BA8F02 /* ResearchKit.framework in Embed Frameworks */,
			);
			name = "Embed Frameworks";
			runOnlyForDeploymentPostprocessing = 0;
		};
/* End PBXCopyFilesBuildPhase section */

/* Begin PBXFileReference section */
		46A1E6933B2D8524039C3282 /* Pods_Health.framework */ = {isa = PBXFileReference; explicitFileType = wrapper.framework; includeInIndex = 0; path = Pods_Health.framework; sourceTree = BUILT_PRODUCTS_DIR; };
		47B3D21DEC46B535C9B24BF4 /* Pods-HealthUITests.debug.xcconfig */ = {isa = PBXFileReference; includeInIndex = 1; lastKnownFileType = text.xcconfig; name = "Pods-HealthUITests.debug.xcconfig"; path = "Pods/Target Support Files/Pods-HealthUITests/Pods-HealthUITests.debug.xcconfig"; sourceTree = "<group>"; };
		4A81C0E3BBDF336B324C6CA7 /* Pods_HealthUITests.framework */ = {isa = PBXFileReference; explicitFileType = wrapper.framework; includeInIndex = 0; path = Pods_HealthUITests.framework; sourceTree = BUILT_PRODUCTS_DIR; };
		7D0E6A6C2EA004F9657F988A /* Pods-HealthTests.debug.xcconfig */ = {isa = PBXFileReference; includeInIndex = 1; lastKnownFileType = text.xcconfig; name = "Pods-HealthTests.debug.xcconfig"; path = "Pods/Target Support Files/Pods-HealthTests/Pods-HealthTests.debug.xcconfig"; sourceTree = "<group>"; };
		8465771E20FD557E0017EA56 /* Health-Bridging-Header.h */ = {isa = PBXFileReference; lastKnownFileType = sourcecode.c.h; path = "Health-Bridging-Header.h"; sourceTree = "<group>"; };
		846B531B20EACB12002CF471 /* Health.app */ = {isa = PBXFileReference; explicitFileType = wrapper.application; includeInIndex = 0; path = Health.app; sourceTree = BUILT_PRODUCTS_DIR; };
		846B531E20EACB12002CF471 /* AppDelegate.swift */ = {isa = PBXFileReference; lastKnownFileType = sourcecode.swift; path = AppDelegate.swift; sourceTree = "<group>"; };
		846B532020EACB12002CF471 /* SurveyViewController.swift */ = {isa = PBXFileReference; lastKnownFileType = sourcecode.swift; path = SurveyViewController.swift; sourceTree = "<group>"; };
		846B532320EACB12002CF471 /* Base */ = {isa = PBXFileReference; lastKnownFileType = file.storyboard; name = Base; path = Base.lproj/Main.storyboard; sourceTree = "<group>"; };
		846B532520EACB16002CF471 /* Assets.xcassets */ = {isa = PBXFileReference; lastKnownFileType = folder.assetcatalog; path = Assets.xcassets; sourceTree = "<group>"; };
		846B532820EACB16002CF471 /* Base */ = {isa = PBXFileReference; lastKnownFileType = file.storyboard; name = Base; path = Base.lproj/LaunchScreen.storyboard; sourceTree = "<group>"; };
		846B532A20EACB16002CF471 /* Info.plist */ = {isa = PBXFileReference; lastKnownFileType = text.plist.xml; path = Info.plist; sourceTree = "<group>"; };
		846B532F20EACB16002CF471 /* HealthTests.xctest */ = {isa = PBXFileReference; explicitFileType = wrapper.cfbundle; includeInIndex = 0; path = HealthTests.xctest; sourceTree = BUILT_PRODUCTS_DIR; };
		846B533320EACB16002CF471 /* HealthTests.swift */ = {isa = PBXFileReference; lastKnownFileType = sourcecode.swift; path = HealthTests.swift; sourceTree = "<group>"; };
		846B533520EACB16002CF471 /* Info.plist */ = {isa = PBXFileReference; lastKnownFileType = text.plist.xml; path = Info.plist; sourceTree = "<group>"; };
		846B533A20EACB16002CF471 /* HealthUITests.xctest */ = {isa = PBXFileReference; explicitFileType = wrapper.cfbundle; includeInIndex = 0; path = HealthUITests.xctest; sourceTree = BUILT_PRODUCTS_DIR; };
		846B533E20EACB16002CF471 /* HealthUITests.swift */ = {isa = PBXFileReference; lastKnownFileType = sourcecode.swift; path = HealthUITests.swift; sourceTree = "<group>"; };
		846B534020EACB16002CF471 /* Info.plist */ = {isa = PBXFileReference; lastKnownFileType = text.plist.xml; path = Info.plist; sourceTree = "<group>"; };
		84C19F7621078A6F00C1C932 /* SplashViewController.swift */ = {isa = PBXFileReference; lastKnownFileType = sourcecode.swift; path = SplashViewController.swift; sourceTree = "<group>"; };
		84C19F7D2107BD6800C1C932 /* PageViewController.swift */ = {isa = PBXFileReference; lastKnownFileType = sourcecode.swift; path = PageViewController.swift; sourceTree = "<group>"; };
		897EFA36D6834949B1D6139B /* Pods_HealthTests.framework */ = {isa = PBXFileReference; explicitFileType = wrapper.framework; includeInIndex = 0; path = Pods_HealthTests.framework; sourceTree = BUILT_PRODUCTS_DIR; };
		B19D708FE10C4BA1612F9939 /* Pods-HealthTests.release.xcconfig */ = {isa = PBXFileReference; includeInIndex = 1; lastKnownFileType = text.xcconfig; name = "Pods-HealthTests.release.xcconfig"; path = "Pods/Target Support Files/Pods-HealthTests/Pods-HealthTests.release.xcconfig"; sourceTree = "<group>"; };
		B5409A9D44D52EE4A868AE71 /* Pods-Health.release.xcconfig */ = {isa = PBXFileReference; includeInIndex = 1; lastKnownFileType = text.xcconfig; name = "Pods-Health.release.xcconfig"; path = "Pods/Target Support Files/Pods-Health/Pods-Health.release.xcconfig"; sourceTree = "<group>"; };
		CBDC93A4245A523700BA8F02 /* ResearchKit.xcodeproj */ = {isa = PBXFileReference; lastKnownFileType = "wrapper.pb-project"; name = ResearchKit.xcodeproj; path = "../../../Downloads/ResearchKit-master/ResearchKit.xcodeproj"; sourceTree = "<group>"; };
		CBDC93B7245A55B400BA8F02 /* HealthDataStep.swift */ = {isa = PBXFileReference; fileEncoding = 4; lastKnownFileType = sourcecode.swift; path = HealthDataStep.swift; sourceTree = "<group>"; };
		CBDC93BB245A55B400BA8F02 /* OnboardingViewController.swift */ = {isa = PBXFileReference; fileEncoding = 4; lastKnownFileType = sourcecode.swift; path = OnboardingViewController.swift; sourceTree = "<group>"; };
		CBDC93BC245A55B400BA8F02 /* HealthDataStepViewController.swift */ = {isa = PBXFileReference; fileEncoding = 4; lastKnownFileType = sourcecode.swift; path = HealthDataStepViewController.swift; sourceTree = "<group>"; };
		CBDC93BD245A55B400BA8F02 /* ConsentDocument copy.swift */ = {isa = PBXFileReference; fileEncoding = 4; lastKnownFileType = sourcecode.swift; path = "ConsentDocument copy.swift"; sourceTree = "<group>"; };
		DD30CE892147453E00249231 /* PermissionViewController.swift */ = {isa = PBXFileReference; lastKnownFileType = sourcecode.swift; path = PermissionViewController.swift; sourceTree = "<group>"; };
		DD97F757214ADFA1005D28FC /* ExitViewController.swift */ = {isa = PBXFileReference; lastKnownFileType = sourcecode.swift; path = ExitViewController.swift; sourceTree = "<group>"; };
		DD97FB49214C67AE005D28FC /* AppDelegate-Swift.h */ = {isa = PBXFileReference; lastKnownFileType = sourcecode.c.h; path = "AppDelegate-Swift.h"; sourceTree = "<group>"; };
		DD97FB4E214C812F005D28FC /* AWARE_v2.xcdatamodel */ = {isa = PBXFileReference; lastKnownFileType = wrapper.xcdatamodel; path = AWARE_v2.xcdatamodel; sourceTree = "<group>"; };
		DD97FB4F214C812F005D28FC /* AWARE_v4.xcdatamodel */ = {isa = PBXFileReference; lastKnownFileType = wrapper.xcdatamodel; path = AWARE_v4.xcdatamodel; sourceTree = "<group>"; };
		DD97FB50214C812F005D28FC /* AWARE.xcdatamodel */ = {isa = PBXFileReference; lastKnownFileType = wrapper.xcdatamodel; path = AWARE.xcdatamodel; sourceTree = "<group>"; };
		DD97FB51214C812F005D28FC /* AWARE_v3.xcdatamodel */ = {isa = PBXFileReference; lastKnownFileType = wrapper.xcdatamodel; path = AWARE_v3.xcdatamodel; sourceTree = "<group>"; };
		E3A1F79E7ECCD29CB6BD0886 /* Pods-Health.debug.xcconfig */ = {isa = PBXFileReference; includeInIndex = 1; lastKnownFileType = text.xcconfig; name = "Pods-Health.debug.xcconfig"; path = "Pods/Target Support Files/Pods-Health/Pods-Health.debug.xcconfig"; sourceTree = "<group>"; };
		EE6469CCC4CDADDE9C3B4AC3 /* Pods-HealthUITests.release.xcconfig */ = {isa = PBXFileReference; includeInIndex = 1; lastKnownFileType = text.xcconfig; name = "Pods-HealthUITests.release.xcconfig"; path = "Pods/Target Support Files/Pods-HealthUITests/Pods-HealthUITests.release.xcconfig"; sourceTree = "<group>"; };
/* End PBXFileReference section */

/* Begin PBXFrameworksBuildPhase section */
		846B531820EACB12002CF471 /* Frameworks */ = {
			isa = PBXFrameworksBuildPhase;
			buildActionMask = 2147483647;
			files = (
				CBDC93B2245A52A600BA8F02 /* ResearchKit.framework in Frameworks */,
				3B279804517B9EF8813A2AC0 /* Pods_Health.framework in Frameworks */,
			);
			runOnlyForDeploymentPostprocessing = 0;
		};
		846B532C20EACB16002CF471 /* Frameworks */ = {
			isa = PBXFrameworksBuildPhase;
			buildActionMask = 2147483647;
			files = (
				F93348ADB98AF13F3E6CB019 /* Pods_HealthTests.framework in Frameworks */,
			);
			runOnlyForDeploymentPostprocessing = 0;
		};
		846B533720EACB16002CF471 /* Frameworks */ = {
			isa = PBXFrameworksBuildPhase;
			buildActionMask = 2147483647;
			files = (
				0238E7CFE5E920C769901547 /* Pods_HealthUITests.framework in Frameworks */,
			);
			runOnlyForDeploymentPostprocessing = 0;
		};
/* End PBXFrameworksBuildPhase section */

/* Begin PBXGroup section */
		311F64882ECE05ED66BA86AA /* Pods */ = {
			isa = PBXGroup;
			children = (
				E3A1F79E7ECCD29CB6BD0886 /* Pods-Health.debug.xcconfig */,
				B5409A9D44D52EE4A868AE71 /* Pods-Health.release.xcconfig */,
				7D0E6A6C2EA004F9657F988A /* Pods-HealthTests.debug.xcconfig */,
				B19D708FE10C4BA1612F9939 /* Pods-HealthTests.release.xcconfig */,
				47B3D21DEC46B535C9B24BF4 /* Pods-HealthUITests.debug.xcconfig */,
				EE6469CCC4CDADDE9C3B4AC3 /* Pods-HealthUITests.release.xcconfig */,
			);
			name = Pods;
			sourceTree = "<group>";
		};
		6DBE0431A1CFDD2A419EDEEE /* Frameworks */ = {
			isa = PBXGroup;
			children = (
				46A1E6933B2D8524039C3282 /* Pods_Health.framework */,
				897EFA36D6834949B1D6139B /* Pods_HealthTests.framework */,
				4A81C0E3BBDF336B324C6CA7 /* Pods_HealthUITests.framework */,
			);
			name = Frameworks;
			sourceTree = "<group>";
		};
		846B531220EACB12002CF471 = {
			isa = PBXGroup;
			children = (
				846B531D20EACB12002CF471 /* Health */,
				846B533220EACB16002CF471 /* HealthTests */,
				846B533D20EACB16002CF471 /* HealthUITests */,
				846B531C20EACB12002CF471 /* Products */,
				311F64882ECE05ED66BA86AA /* Pods */,
				6DBE0431A1CFDD2A419EDEEE /* Frameworks */,
			);
			sourceTree = "<group>";
		};
		846B531C20EACB12002CF471 /* Products */ = {
			isa = PBXGroup;
			children = (
				846B531B20EACB12002CF471 /* Health.app */,
				846B532F20EACB16002CF471 /* HealthTests.xctest */,
				846B533A20EACB16002CF471 /* HealthUITests.xctest */,
			);
			name = Products;
			sourceTree = "<group>";
		};
		846B531D20EACB12002CF471 /* Health */ = {
			isa = PBXGroup;
			children = (
				CBDC93A4245A523700BA8F02 /* ResearchKit.xcodeproj */,
				DD97FB4D214C812F005D28FC /* AWARE.xcdatamodeld */,
				8465771E20FD557E0017EA56 /* Health-Bridging-Header.h */,
				846B531E20EACB12002CF471 /* AppDelegate.swift */,
				CBDC93BD245A55B400BA8F02 /* ConsentDocument copy.swift */,
				CBDC93B7245A55B400BA8F02 /* HealthDataStep.swift */,
				CBDC93BC245A55B400BA8F02 /* HealthDataStepViewController.swift */,
				CBDC93BB245A55B400BA8F02 /* OnboardingViewController.swift */,
				846B532020EACB12002CF471 /* SurveyViewController.swift */,
				84C19F7621078A6F00C1C932 /* SplashViewController.swift */,
				84C19F7D2107BD6800C1C932 /* PageViewController.swift */,
				846B532220EACB12002CF471 /* Main.storyboard */,
				846B532720EACB16002CF471 /* LaunchScreen.storyboard */,
				846B532520EACB16002CF471 /* Assets.xcassets */,
				846B532A20EACB16002CF471 /* Info.plist */,
				DD30CE892147453E00249231 /* PermissionViewController.swift */,
				DD97F757214ADFA1005D28FC /* ExitViewController.swift */,
				DD97FB49214C67AE005D28FC /* AppDelegate-Swift.h */,
			);
			path = Health;
			sourceTree = "<group>";
		};
		846B533220EACB16002CF471 /* HealthTests */ = {
			isa = PBXGroup;
			children = (
				846B533320EACB16002CF471 /* HealthTests.swift */,
				846B533520EACB16002CF471 /* Info.plist */,
			);
			path = HealthTests;
			sourceTree = "<group>";
		};
		846B533D20EACB16002CF471 /* HealthUITests */ = {
			isa = PBXGroup;
			children = (
				846B533E20EACB16002CF471 /* HealthUITests.swift */,
				846B534020EACB16002CF471 /* Info.plist */,
			);
			path = HealthUITests;
			sourceTree = "<group>";
		};
		CBDC93A5245A523700BA8F02 /* Products */ = {
			isa = PBXGroup;
			children = (
				CBDC93AB245A523700BA8F02 /* ResearchKit.framework */,
				CBDC93AD245A523700BA8F02 /* ResearchKitTests.xctest */,
			);
			name = Products;
			sourceTree = "<group>";
		};
/* End PBXGroup section */

/* Begin PBXNativeTarget section */
		846B531A20EACB12002CF471 /* Health */ = {
			isa = PBXNativeTarget;
			buildConfigurationList = 846B534320EACB16002CF471 /* Build configuration list for PBXNativeTarget "Health" */;
			buildPhases = (
				8620833A1C03307D6533B1CB /* [CP] Check Pods Manifest.lock */,
				846B531720EACB12002CF471 /* Sources */,
				846B531820EACB12002CF471 /* Frameworks */,
				846B531920EACB12002CF471 /* Resources */,
				D96886818E44EF958DF0E663 /* [CP] Embed Pods Frameworks */,
				F3224E830EF523AE21AE6DFC /* [CP] Copy Pods Resources */,
				CBDC93B4245A52A600BA8F02 /* Embed Frameworks */,
			);
			buildRules = (
			);
			dependencies = (
			);
			name = Health;
			productName = Health;
			productReference = 846B531B20EACB12002CF471 /* Health.app */;
			productType = "com.apple.product-type.application";
		};
		846B532E20EACB16002CF471 /* HealthTests */ = {
			isa = PBXNativeTarget;
			buildConfigurationList = 846B534620EACB16002CF471 /* Build configuration list for PBXNativeTarget "HealthTests" */;
			buildPhases = (
				B20F2A97BD34C49F36AC4C9E /* [CP] Check Pods Manifest.lock */,
				846B532B20EACB16002CF471 /* Sources */,
				846B532C20EACB16002CF471 /* Frameworks */,
				846B532D20EACB16002CF471 /* Resources */,
			);
			buildRules = (
			);
			dependencies = (
				846B533120EACB16002CF471 /* PBXTargetDependency */,
			);
			name = HealthTests;
			productName = HealthTests;
			productReference = 846B532F20EACB16002CF471 /* HealthTests.xctest */;
			productType = "com.apple.product-type.bundle.unit-test";
		};
		846B533920EACB16002CF471 /* HealthUITests */ = {
			isa = PBXNativeTarget;
			buildConfigurationList = 846B534920EACB16002CF471 /* Build configuration list for PBXNativeTarget "HealthUITests" */;
			buildPhases = (
				D9C152D422E938C4CCF9AD8A /* [CP] Check Pods Manifest.lock */,
				846B533620EACB16002CF471 /* Sources */,
				846B533720EACB16002CF471 /* Frameworks */,
				846B533820EACB16002CF471 /* Resources */,
			);
			buildRules = (
			);
			dependencies = (
				846B533C20EACB16002CF471 /* PBXTargetDependency */,
			);
			name = HealthUITests;
			productName = HealthUITests;
			productReference = 846B533A20EACB16002CF471 /* HealthUITests.xctest */;
			productType = "com.apple.product-type.bundle.ui-testing";
		};
/* End PBXNativeTarget section */

/* Begin PBXProject section */
		846B531320EACB12002CF471 /* Project object */ = {
			isa = PBXProject;
			attributes = {
				LastSwiftUpdateCheck = 0940;
				LastUpgradeCheck = 0940;
				ORGANIZATIONNAME = Admin;
				TargetAttributes = {
					846B531A20EACB12002CF471 = {
						CreatedOnToolsVersion = 9.4.1;
						LastSwiftMigration = 1140;
						SystemCapabilities = {
							com.apple.BackgroundModes = {
								enabled = 1;
							};
						};
					};
					846B532E20EACB16002CF471 = {
						CreatedOnToolsVersion = 9.4.1;
						LastSwiftMigration = 1140;
						TestTargetID = 846B531A20EACB12002CF471;
					};
					846B533920EACB16002CF471 = {
						CreatedOnToolsVersion = 9.4.1;
						LastSwiftMigration = 1140;
						TestTargetID = 846B531A20EACB12002CF471;
					};
				};
			};
			buildConfigurationList = 846B531620EACB12002CF471 /* Build configuration list for PBXProject "Health" */;
			compatibilityVersion = "Xcode 11.4";
			developmentRegion = en;
			hasScannedForEncodings = 0;
			knownRegions = (
				en,
				Base,
			);
			mainGroup = 846B531220EACB12002CF471;
			productRefGroup = 846B531C20EACB12002CF471 /* Products */;
			projectDirPath = "";
			projectReferences = (
				{
					ProductGroup = CBDC93A5245A523700BA8F02 /* Products */;
					ProjectRef = CBDC93A4245A523700BA8F02 /* ResearchKit.xcodeproj */;
				},
			);
			projectRoot = "";
			targets = (
				846B531A20EACB12002CF471 /* Health */,
				846B532E20EACB16002CF471 /* HealthTests */,
				846B533920EACB16002CF471 /* HealthUITests */,
			);
		};
/* End PBXProject section */

/* Begin PBXReferenceProxy section */
		CBDC93AB245A523700BA8F02 /* ResearchKit.framework */ = {
			isa = PBXReferenceProxy;
			fileType = wrapper.framework;
			path = ResearchKit.framework;
			remoteRef = CBDC93AA245A523700BA8F02 /* PBXContainerItemProxy */;
			sourceTree = BUILT_PRODUCTS_DIR;
		};
		CBDC93AD245A523700BA8F02 /* ResearchKitTests.xctest */ = {
			isa = PBXReferenceProxy;
			fileType = wrapper.cfbundle;
			path = ResearchKitTests.xctest;
			remoteRef = CBDC93AC245A523700BA8F02 /* PBXContainerItemProxy */;
			sourceTree = BUILT_PRODUCTS_DIR;
		};
/* End PBXReferenceProxy section */

/* Begin PBXResourcesBuildPhase section */
		846B531920EACB12002CF471 /* Resources */ = {
			isa = PBXResourcesBuildPhase;
			buildActionMask = 2147483647;
			files = (
				846B532920EACB16002CF471 /* LaunchScreen.storyboard in Resources */,
				846B532620EACB16002CF471 /* Assets.xcassets in Resources */,
				846B532420EACB12002CF471 /* Main.storyboard in Resources */,
			);
			runOnlyForDeploymentPostprocessing = 0;
		};
		846B532D20EACB16002CF471 /* Resources */ = {
			isa = PBXResourcesBuildPhase;
			buildActionMask = 2147483647;
			files = (
			);
			runOnlyForDeploymentPostprocessing = 0;
		};
		846B533820EACB16002CF471 /* Resources */ = {
			isa = PBXResourcesBuildPhase;
			buildActionMask = 2147483647;
			files = (
			);
			runOnlyForDeploymentPostprocessing = 0;
		};
/* End PBXResourcesBuildPhase section */

/* Begin PBXShellScriptBuildPhase section */
		8620833A1C03307D6533B1CB /* [CP] Check Pods Manifest.lock */ = {
			isa = PBXShellScriptBuildPhase;
			buildActionMask = 2147483647;
			files = (
			);
			inputPaths = (
				"${PODS_PODFILE_DIR_PATH}/Podfile.lock",
				"${PODS_ROOT}/Manifest.lock",
			);
			name = "[CP] Check Pods Manifest.lock";
			outputPaths = (
				"$(DERIVED_FILE_DIR)/Pods-Health-checkManifestLockResult.txt",
			);
			runOnlyForDeploymentPostprocessing = 0;
			shellPath = /bin/sh;
			shellScript = "diff \"${PODS_PODFILE_DIR_PATH}/Podfile.lock\" \"${PODS_ROOT}/Manifest.lock\" > /dev/null\nif [ $? != 0 ] ; then\n    # print error to STDERR\n    echo \"error: The sandbox is not in sync with the Podfile.lock. Run 'pod install' or update your CocoaPods installation.\" >&2\n    exit 1\nfi\n# This output is used by Xcode 'outputs' to avoid re-running this script phase.\necho \"SUCCESS\" > \"${SCRIPT_OUTPUT_FILE_0}\"\n";
			showEnvVarsInLog = 0;
		};
		B20F2A97BD34C49F36AC4C9E /* [CP] Check Pods Manifest.lock */ = {
			isa = PBXShellScriptBuildPhase;
			buildActionMask = 2147483647;
			files = (
			);
			inputPaths = (
				"${PODS_PODFILE_DIR_PATH}/Podfile.lock",
				"${PODS_ROOT}/Manifest.lock",
			);
			name = "[CP] Check Pods Manifest.lock";
			outputPaths = (
				"$(DERIVED_FILE_DIR)/Pods-HealthTests-checkManifestLockResult.txt",
			);
			runOnlyForDeploymentPostprocessing = 0;
			shellPath = /bin/sh;
			shellScript = "diff \"${PODS_PODFILE_DIR_PATH}/Podfile.lock\" \"${PODS_ROOT}/Manifest.lock\" > /dev/null\nif [ $? != 0 ] ; then\n    # print error to STDERR\n    echo \"error: The sandbox is not in sync with the Podfile.lock. Run 'pod install' or update your CocoaPods installation.\" >&2\n    exit 1\nfi\n# This output is used by Xcode 'outputs' to avoid re-running this script phase.\necho \"SUCCESS\" > \"${SCRIPT_OUTPUT_FILE_0}\"\n";
			showEnvVarsInLog = 0;
		};
		D96886818E44EF958DF0E663 /* [CP] Embed Pods Frameworks */ = {
			isa = PBXShellScriptBuildPhase;
			buildActionMask = 2147483647;
			files = (
			);
			inputFileListPaths = (
				"${PODS_ROOT}/Target Support Files/Pods-Health/Pods-Health-frameworks-${CONFIGURATION}-input-files.xcfilelist",
			);
			name = "[CP] Embed Pods Frameworks";
			outputFileListPaths = (
				"${PODS_ROOT}/Target Support Files/Pods-Health/Pods-Health-frameworks-${CONFIGURATION}-output-files.xcfilelist",
			);
			runOnlyForDeploymentPostprocessing = 0;
			shellPath = /bin/sh;
			shellScript = "\"${PODS_ROOT}/Target Support Files/Pods-Health/Pods-Health-frameworks.sh\"\n";
			showEnvVarsInLog = 0;
		};
		D9C152D422E938C4CCF9AD8A /* [CP] Check Pods Manifest.lock */ = {
			isa = PBXShellScriptBuildPhase;
			buildActionMask = 2147483647;
			files = (
			);
			inputPaths = (
				"${PODS_PODFILE_DIR_PATH}/Podfile.lock",
				"${PODS_ROOT}/Manifest.lock",
			);
			name = "[CP] Check Pods Manifest.lock";
			outputPaths = (
				"$(DERIVED_FILE_DIR)/Pods-HealthUITests-checkManifestLockResult.txt",
			);
			runOnlyForDeploymentPostprocessing = 0;
			shellPath = /bin/sh;
			shellScript = "diff \"${PODS_PODFILE_DIR_PATH}/Podfile.lock\" \"${PODS_ROOT}/Manifest.lock\" > /dev/null\nif [ $? != 0 ] ; then\n    # print error to STDERR\n    echo \"error: The sandbox is not in sync with the Podfile.lock. Run 'pod install' or update your CocoaPods installation.\" >&2\n    exit 1\nfi\n# This output is used by Xcode 'outputs' to avoid re-running this script phase.\necho \"SUCCESS\" > \"${SCRIPT_OUTPUT_FILE_0}\"\n";
			showEnvVarsInLog = 0;
		};
		F3224E830EF523AE21AE6DFC /* [CP] Copy Pods Resources */ = {
			isa = PBXShellScriptBuildPhase;
			buildActionMask = 2147483647;
			files = (
			);
			inputFileListPaths = (
				"${PODS_ROOT}/Target Support Files/Pods-Health/Pods-Health-resources-${CONFIGURATION}-input-files.xcfilelist",
			);
			name = "[CP] Copy Pods Resources";
			outputFileListPaths = (
				"${PODS_ROOT}/Target Support Files/Pods-Health/Pods-Health-resources-${CONFIGURATION}-output-files.xcfilelist",
			);
			runOnlyForDeploymentPostprocessing = 0;
			shellPath = /bin/sh;
			shellScript = "\"${PODS_ROOT}/Target Support Files/Pods-Health/Pods-Health-resources.sh\"\n";
			showEnvVarsInLog = 0;
		};
/* End PBXShellScriptBuildPhase section */

/* Begin PBXSourcesBuildPhase section */
		846B531720EACB12002CF471 /* Sources */ = {
			isa = PBXSourcesBuildPhase;
			buildActionMask = 2147483647;
			files = (
				846B532120EACB12002CF471 /* SurveyViewController.swift in Sources */,
				84C19F7E2107BD6800C1C932 /* PageViewController.swift in Sources */,
				CBDC93C0245A55B400BA8F02 /* HealthDataStepViewController.swift in Sources */,
				CBDC93C1245A55B400BA8F02 /* ConsentDocument copy.swift in Sources */,
				CBDC93BE245A55B400BA8F02 /* HealthDataStep.swift in Sources */,
				CBDC93BF245A55B400BA8F02 /* OnboardingViewController.swift in Sources */,
				846B531F20EACB12002CF471 /* AppDelegate.swift in Sources */,
				84C19F7721078A6F00C1C932 /* SplashViewController.swift in Sources */,
				DD97F758214ADFA1005D28FC /* ExitViewController.swift in Sources */,
				DD30CE8A2147453E00249231 /* PermissionViewController.swift in Sources */,
			);
			runOnlyForDeploymentPostprocessing = 0;
		};
		846B532B20EACB16002CF471 /* Sources */ = {
			isa = PBXSourcesBuildPhase;
			buildActionMask = 2147483647;
			files = (
				846B533420EACB16002CF471 /* HealthTests.swift in Sources */,
			);
			runOnlyForDeploymentPostprocessing = 0;
		};
		846B533620EACB16002CF471 /* Sources */ = {
			isa = PBXSourcesBuildPhase;
			buildActionMask = 2147483647;
			files = (
				846B533F20EACB16002CF471 /* HealthUITests.swift in Sources */,
			);
			runOnlyForDeploymentPostprocessing = 0;
		};
/* End PBXSourcesBuildPhase section */

/* Begin PBXTargetDependency section */
		846B533120EACB16002CF471 /* PBXTargetDependency */ = {
			isa = PBXTargetDependency;
			target = 846B531A20EACB12002CF471 /* Health */;
			targetProxy = 846B533020EACB16002CF471 /* PBXContainerItemProxy */;
		};
		846B533C20EACB16002CF471 /* PBXTargetDependency */ = {
			isa = PBXTargetDependency;
			target = 846B531A20EACB12002CF471 /* Health */;
			targetProxy = 846B533B20EACB16002CF471 /* PBXContainerItemProxy */;
		};
/* End PBXTargetDependency section */

/* Begin PBXVariantGroup section */
		846B532220EACB12002CF471 /* Main.storyboard */ = {
			isa = PBXVariantGroup;
			children = (
				846B532320EACB12002CF471 /* Base */,
			);
			name = Main.storyboard;
			sourceTree = "<group>";
		};
		846B532720EACB16002CF471 /* LaunchScreen.storyboard */ = {
			isa = PBXVariantGroup;
			children = (
				846B532820EACB16002CF471 /* Base */,
			);
			name = LaunchScreen.storyboard;
			sourceTree = "<group>";
		};
/* End PBXVariantGroup section */

/* Begin XCBuildConfiguration section */
		846B534120EACB16002CF471 /* Debug */ = {
			isa = XCBuildConfiguration;
			buildSettings = {
				ALWAYS_SEARCH_USER_PATHS = NO;
				CLANG_ANALYZER_NONNULL = YES;
				CLANG_ANALYZER_NUMBER_OBJECT_CONVERSION = YES_AGGRESSIVE;
				CLANG_CXX_LANGUAGE_STANDARD = "gnu++14";
				CLANG_CXX_LIBRARY = "libc++";
				CLANG_ENABLE_MODULES = YES;
				CLANG_ENABLE_OBJC_ARC = YES;
				CLANG_ENABLE_OBJC_WEAK = YES;
				CLANG_WARN_BLOCK_CAPTURE_AUTORELEASING = YES;
				CLANG_WARN_BOOL_CONVERSION = YES;
				CLANG_WARN_COMMA = YES;
				CLANG_WARN_CONSTANT_CONVERSION = YES;
				CLANG_WARN_DEPRECATED_OBJC_IMPLEMENTATIONS = YES;
				CLANG_WARN_DIRECT_OBJC_ISA_USAGE = YES_ERROR;
				CLANG_WARN_DOCUMENTATION_COMMENTS = YES;
				CLANG_WARN_EMPTY_BODY = YES;
				CLANG_WARN_ENUM_CONVERSION = YES;
				CLANG_WARN_INFINITE_RECURSION = YES;
				CLANG_WARN_INT_CONVERSION = YES;
				CLANG_WARN_NON_LITERAL_NULL_CONVERSION = YES;
				CLANG_WARN_OBJC_IMPLICIT_RETAIN_SELF = YES;
				CLANG_WARN_OBJC_LITERAL_CONVERSION = YES;
				CLANG_WARN_OBJC_ROOT_CLASS = YES_ERROR;
				CLANG_WARN_RANGE_LOOP_ANALYSIS = YES;
				CLANG_WARN_STRICT_PROTOTYPES = YES;
				CLANG_WARN_SUSPICIOUS_MOVE = YES;
				CLANG_WARN_UNGUARDED_AVAILABILITY = YES_AGGRESSIVE;
				CLANG_WARN_UNREACHABLE_CODE = YES;
				CLANG_WARN__DUPLICATE_METHOD_MATCH = YES;
				CODE_SIGN_IDENTITY = "iPhone Developer";
				COPY_PHASE_STRIP = NO;
				DEBUG_INFORMATION_FORMAT = dwarf;
				ENABLE_STRICT_OBJC_MSGSEND = YES;
				ENABLE_TESTABILITY = YES;
				GCC_C_LANGUAGE_STANDARD = gnu11;
				GCC_DYNAMIC_NO_PIC = NO;
				GCC_NO_COMMON_BLOCKS = YES;
				GCC_OPTIMIZATION_LEVEL = 0;
				GCC_PREPROCESSOR_DEFINITIONS = (
					"DEBUG=1",
					"$(inherited)",
				);
				GCC_WARN_64_TO_32_BIT_CONVERSION = YES;
				GCC_WARN_ABOUT_RETURN_TYPE = YES_ERROR;
				GCC_WARN_UNDECLARED_SELECTOR = YES;
				GCC_WARN_UNINITIALIZED_AUTOS = YES_AGGRESSIVE;
				GCC_WARN_UNUSED_FUNCTION = YES;
				GCC_WARN_UNUSED_VARIABLE = YES;
				IPHONEOS_DEPLOYMENT_TARGET = 11.4;
				MTL_ENABLE_DEBUG_INFO = YES;
				ONLY_ACTIVE_ARCH = YES;
				SDKROOT = iphoneos;
				SWIFT_ACTIVE_COMPILATION_CONDITIONS = DEBUG;
				SWIFT_OPTIMIZATION_LEVEL = "-Onone";
			};
			name = Debug;
		};
		846B534220EACB16002CF471 /* Release */ = {
			isa = XCBuildConfiguration;
			buildSettings = {
				ALWAYS_SEARCH_USER_PATHS = NO;
				CLANG_ANALYZER_NONNULL = YES;
				CLANG_ANALYZER_NUMBER_OBJECT_CONVERSION = YES_AGGRESSIVE;
				CLANG_CXX_LANGUAGE_STANDARD = "gnu++14";
				CLANG_CXX_LIBRARY = "libc++";
				CLANG_ENABLE_MODULES = YES;
				CLANG_ENABLE_OBJC_ARC = YES;
				CLANG_ENABLE_OBJC_WEAK = YES;
				CLANG_WARN_BLOCK_CAPTURE_AUTORELEASING = YES;
				CLANG_WARN_BOOL_CONVERSION = YES;
				CLANG_WARN_COMMA = YES;
				CLANG_WARN_CONSTANT_CONVERSION = YES;
				CLANG_WARN_DEPRECATED_OBJC_IMPLEMENTATIONS = YES;
				CLANG_WARN_DIRECT_OBJC_ISA_USAGE = YES_ERROR;
				CLANG_WARN_DOCUMENTATION_COMMENTS = YES;
				CLANG_WARN_EMPTY_BODY = YES;
				CLANG_WARN_ENUM_CONVERSION = YES;
				CLANG_WARN_INFINITE_RECURSION = YES;
				CLANG_WARN_INT_CONVERSION = YES;
				CLANG_WARN_NON_LITERAL_NULL_CONVERSION = YES;
				CLANG_WARN_OBJC_IMPLICIT_RETAIN_SELF = YES;
				CLANG_WARN_OBJC_LITERAL_CONVERSION = YES;
				CLANG_WARN_OBJC_ROOT_CLASS = YES_ERROR;
				CLANG_WARN_RANGE_LOOP_ANALYSIS = YES;
				CLANG_WARN_STRICT_PROTOTYPES = YES;
				CLANG_WARN_SUSPICIOUS_MOVE = YES;
				CLANG_WARN_UNGUARDED_AVAILABILITY = YES_AGGRESSIVE;
				CLANG_WARN_UNREACHABLE_CODE = YES;
				CLANG_WARN__DUPLICATE_METHOD_MATCH = YES;
				CODE_SIGN_IDENTITY = "iPhone Developer";
				COPY_PHASE_STRIP = NO;
				DEBUG_INFORMATION_FORMAT = "dwarf-with-dsym";
				ENABLE_NS_ASSERTIONS = NO;
				ENABLE_STRICT_OBJC_MSGSEND = YES;
				GCC_C_LANGUAGE_STANDARD = gnu11;
				GCC_NO_COMMON_BLOCKS = YES;
				GCC_WARN_64_TO_32_BIT_CONVERSION = YES;
				GCC_WARN_ABOUT_RETURN_TYPE = YES_ERROR;
				GCC_WARN_UNDECLARED_SELECTOR = YES;
				GCC_WARN_UNINITIALIZED_AUTOS = YES_AGGRESSIVE;
				GCC_WARN_UNUSED_FUNCTION = YES;
				GCC_WARN_UNUSED_VARIABLE = YES;
				IPHONEOS_DEPLOYMENT_TARGET = 11.4;
				MTL_ENABLE_DEBUG_INFO = NO;
				SDKROOT = iphoneos;
				SWIFT_COMPILATION_MODE = wholemodule;
				SWIFT_OPTIMIZATION_LEVEL = "-O";
				VALIDATE_PRODUCT = YES;
			};
			name = Release;
		};
		846B534420EACB16002CF471 /* Debug */ = {
			isa = XCBuildConfiguration;
			baseConfigurationReference = E3A1F79E7ECCD29CB6BD0886 /* Pods-Health.debug.xcconfig */;
			buildSettings = {
				ASSETCATALOG_COMPILER_APPICON_NAME = AppIcon;
				CLANG_ENABLE_MODULES = YES;
				CODE_SIGN_STYLE = Automatic;
				DEVELOPMENT_TEAM = 9HWKFPBULP;
				FRAMEWORK_SEARCH_PATHS = (
					"$(inherited)",
					"\"${PODS_CONFIGURATION_BUILD_DIR}/EZAudio\"",
					"\"${PODS_CONFIGURATION_BUILD_DIR}/SVProgressHUD\"",
					"\"${PODS_CONFIGURATION_BUILD_DIR}/TPCircularBuffer\"",
				);
				HEADER_SEARCH_PATHS = "$(inherited)/**";
				INFOPLIST_FILE = Health/Info.plist;
				LD_RUNPATH_SEARCH_PATHS = (
					"$(inherited)",
					"@executable_path/Frameworks",
				);
				PRODUCT_BUNDLE_IDENTIFIER = com.tylerd.eHealth;
				PRODUCT_NAME = "$(TARGET_NAME)";
				SWIFT_INSTALL_OBJC_HEADER = YES;
				SWIFT_OPTIMIZATION_LEVEL = "-Onone";
				SWIFT_VERSION = 5.0;
				TARGETED_DEVICE_FAMILY = 1;
			};
			name = Debug;
		};
		846B534520EACB16002CF471 /* Release */ = {
			isa = XCBuildConfiguration;
			baseConfigurationReference = B5409A9D44D52EE4A868AE71 /* Pods-Health.release.xcconfig */;
			buildSettings = {
				ASSETCATALOG_COMPILER_APPICON_NAME = AppIcon;
				CLANG_ENABLE_MODULES = YES;
				CODE_SIGN_STYLE = Automatic;
				DEVELOPMENT_TEAM = 9HWKFPBULP;
				FRAMEWORK_SEARCH_PATHS = (
					"$(inherited)",
					"\"${PODS_CONFIGURATION_BUILD_DIR}/EZAudio\"",
					"\"${PODS_CONFIGURATION_BUILD_DIR}/SVProgressHUD\"",
					"\"${PODS_CONFIGURATION_BUILD_DIR}/TPCircularBuffer\"",
				);
				HEADER_SEARCH_PATHS = "$(inherited)/**";
				INFOPLIST_FILE = Health/Info.plist;
				LD_RUNPATH_SEARCH_PATHS = (
					"$(inherited)",
					"@executable_path/Frameworks",
				);
				PRODUCT_BUNDLE_IDENTIFIER = com.tylerd.eHealth;
				PRODUCT_NAME = "$(TARGET_NAME)";
				SWIFT_INSTALL_OBJC_HEADER = YES;
				SWIFT_VERSION = 5.0;
				TARGETED_DEVICE_FAMILY = 1;
			};
			name = Release;
		};
		846B534720EACB16002CF471 /* Debug */ = {
			isa = XCBuildConfiguration;
			baseConfigurationReference = 7D0E6A6C2EA004F9657F988A /* Pods-HealthTests.debug.xcconfig */;
			buildSettings = {
				ALWAYS_EMBED_SWIFT_STANDARD_LIBRARIES = YES;
				BUNDLE_LOADER = "$(TEST_HOST)";
				CODE_SIGN_STYLE = Automatic;
				DEVELOPMENT_TEAM = 9HWKFPBULP;
				INFOPLIST_FILE = HealthTests/Info.plist;
				LD_RUNPATH_SEARCH_PATHS = (
					"$(inherited)",
					"@executable_path/Frameworks",
					"@loader_path/Frameworks",
				);
				PRODUCT_BUNDLE_IDENTIFIER = Application.HealthTests;
				PRODUCT_NAME = "$(TARGET_NAME)";
				SWIFT_VERSION = 5.0;
				TARGETED_DEVICE_FAMILY = "1,2";
				TEST_HOST = "$(BUILT_PRODUCTS_DIR)/Health.app/Health";
			};
			name = Debug;
		};
		846B534820EACB16002CF471 /* Release */ = {
			isa = XCBuildConfiguration;
			baseConfigurationReference = B19D708FE10C4BA1612F9939 /* Pods-HealthTests.release.xcconfig */;
			buildSettings = {
				ALWAYS_EMBED_SWIFT_STANDARD_LIBRARIES = YES;
				BUNDLE_LOADER = "$(TEST_HOST)";
				CODE_SIGN_STYLE = Automatic;
				DEVELOPMENT_TEAM = 9HWKFPBULP;
				INFOPLIST_FILE = HealthTests/Info.plist;
				LD_RUNPATH_SEARCH_PATHS = (
					"$(inherited)",
					"@executable_path/Frameworks",
					"@loader_path/Frameworks",
				);
				PRODUCT_BUNDLE_IDENTIFIER = Application.HealthTests;
				PRODUCT_NAME = "$(TARGET_NAME)";
				SWIFT_VERSION = 5.0;
				TARGETED_DEVICE_FAMILY = "1,2";
				TEST_HOST = "$(BUILT_PRODUCTS_DIR)/Health.app/Health";
			};
			name = Release;
		};
		846B534A20EACB16002CF471 /* Debug */ = {
			isa = XCBuildConfiguration;
			baseConfigurationReference = 47B3D21DEC46B535C9B24BF4 /* Pods-HealthUITests.debug.xcconfig */;
			buildSettings = {
				ALWAYS_EMBED_SWIFT_STANDARD_LIBRARIES = YES;
				CODE_SIGN_STYLE = Automatic;
				DEVELOPMENT_TEAM = 9HWKFPBULP;
				INFOPLIST_FILE = HealthUITests/Info.plist;
				LD_RUNPATH_SEARCH_PATHS = (
					"$(inherited)",
					"@executable_path/Frameworks",
					"@loader_path/Frameworks",
				);
				PRODUCT_BUNDLE_IDENTIFIER = Application.HealthUITests;
				PRODUCT_NAME = "$(TARGET_NAME)";
				SWIFT_VERSION = 5.0;
				TARGETED_DEVICE_FAMILY = "1,2";
				TEST_TARGET_NAME = Health;
			};
			name = Debug;
		};
		846B534B20EACB16002CF471 /* Release */ = {
			isa = XCBuildConfiguration;
			baseConfigurationReference = EE6469CCC4CDADDE9C3B4AC3 /* Pods-HealthUITests.release.xcconfig */;
			buildSettings = {
				ALWAYS_EMBED_SWIFT_STANDARD_LIBRARIES = YES;
				CODE_SIGN_STYLE = Automatic;
				DEVELOPMENT_TEAM = 9HWKFPBULP;
				INFOPLIST_FILE = HealthUITests/Info.plist;
				LD_RUNPATH_SEARCH_PATHS = (
					"$(inherited)",
					"@executable_path/Frameworks",
					"@loader_path/Frameworks",
				);
				PRODUCT_BUNDLE_IDENTIFIER = Application.HealthUITests;
				PRODUCT_NAME = "$(TARGET_NAME)";
				SWIFT_VERSION = 5.0;
				TARGETED_DEVICE_FAMILY = "1,2";
				TEST_TARGET_NAME = Health;
			};
			name = Release;
		};
/* End XCBuildConfiguration section */

/* Begin XCConfigurationList section */
		846B531620EACB12002CF471 /* Build configuration list for PBXProject "Health" */ = {
			isa = XCConfigurationList;
			buildConfigurations = (
				846B534120EACB16002CF471 /* Debug */,
				846B534220EACB16002CF471 /* Release */,
			);
			defaultConfigurationIsVisible = 0;
			defaultConfigurationName = Release;
		};
		846B534320EACB16002CF471 /* Build configuration list for PBXNativeTarget "Health" */ = {
			isa = XCConfigurationList;
			buildConfigurations = (
				846B534420EACB16002CF471 /* Debug */,
				846B534520EACB16002CF471 /* Release */,
			);
			defaultConfigurationIsVisible = 0;
			defaultConfigurationName = Release;
		};
		846B534620EACB16002CF471 /* Build configuration list for PBXNativeTarget "HealthTests" */ = {
			isa = XCConfigurationList;
			buildConfigurations = (
				846B534720EACB16002CF471 /* Debug */,
				846B534820EACB16002CF471 /* Release */,
			);
			defaultConfigurationIsVisible = 0;
			defaultConfigurationName = Release;
		};
		846B534920EACB16002CF471 /* Build configuration list for PBXNativeTarget "HealthUITests" */ = {
			isa = XCConfigurationList;
			buildConfigurations = (
				846B534A20EACB16002CF471 /* Debug */,
				846B534B20EACB16002CF471 /* Release */,
			);
			defaultConfigurationIsVisible = 0;
			defaultConfigurationName = Release;
		};
/* End XCConfigurationList section */

/* Begin XCVersionGroup section */
		DD97FB4D214C812F005D28FC /* AWARE.xcdatamodeld */ = {
			isa = XCVersionGroup;
			children = (
				DD97FB4E214C812F005D28FC /* AWARE_v2.xcdatamodel */,
				DD97FB4F214C812F005D28FC /* AWARE_v4.xcdatamodel */,
				DD97FB50214C812F005D28FC /* AWARE.xcdatamodel */,
				DD97FB51214C812F005D28FC /* AWARE_v3.xcdatamodel */,
			);
			currentVersion = DD97FB4F214C812F005D28FC /* AWARE_v4.xcdatamodel */;
			path = AWARE.xcdatamodeld;
			sourceTree = "<group>";
			versionGroupType = wrapper.xcdatamodel;
		};
/* End XCVersionGroup section */
	};
	rootObject = 846B531320EACB12002CF471 /* Project object */;
}
